
Microsoft Visual Studio Solution File, Format Version 12.00
# Visual Studio Version 16
VisualStudioVersion = 16.0.30907.101
MinimumVisualStudioVersion = 10.0.40219.1
Project("{9A19103F-16F7-4668-BE54-9A1E7A4F7556}") = "Entities", "Entities\Entities.csproj", "{FEDA1482-67FD-4397-9816-6B86D162DFD6}"
EndProject
Project("{9A19103F-16F7-4668-BE54-9A1E7A4F7556}") = "DataAccess", "DataAccess\DataAccess.csproj", "{3C7628F3-8A66-4F3C-B2A2-5AB3A309837E}"
EndProject
Project("{9A19103F-16F7-4668-BE54-9A1E7A4F7556}") = "Business", "Business\Business.csproj", "{48BE23FF-EE7F-4FED-8ADF-C655215C22D7}"
EndProject
Project("{9A19103F-16F7-4668-BE54-9A1E7A4F7556}") = "ConsoleUI", "ConsoleUI\ConsoleUI.csproj", "{59D66336-A8CC-4A6F-92A5-8DA5D5F9F5FA}"
EndProject
Project("{FAE04EC0-301F-11D3-BF4B-00C04F79EFBC}") = "Core", "Core\Core.csproj", "{3F93317D-1724-43E9-9691-97758FB01D5B}"
EndProject
Global
	GlobalSection(SolutionConfigurationPlatforms) = preSolution
		Debug|Any CPU = Debug|Any CPU
		Release|Any CPU = Release|Any CPU
	EndGlobalSection
	GlobalSection(ProjectConfigurationPlatforms) = postSolution
		{FEDA1482-67FD-4397-9816-6B86D162DFD6}.Debug|Any CPU.ActiveCfg = Debug|Any CPU
		{FEDA1482-67FD-4397-9816-6B86D162DFD6}.Debug|Any CPU.Build.0 = Debug|Any CPU
		{FEDA1482-67FD-4397-9816-6B86D162DFD6}.Release|Any CPU.ActiveCfg = Release|Any CPU
		{FEDA1482-67FD-4397-9816-6B86D162DFD6}.Release|Any CPU.Build.0 = Release|Any CPU
		{3C7628F3-8A66-4F3C-B2A2-5AB3A309837E}.Debug|Any CPU.ActiveCfg = Debug|Any CPU
		{3C7628F3-8A66-4F3C-B2A2-5AB3A309837E}.Debug|Any CPU.Build.0 = Debug|Any CPU
		{3C7628F3-8A66-4F3C-B2A2-5AB3A309837E}.Release|Any CPU.ActiveCfg = Release|Any CPU
		{3C7628F3-8A66-4F3C-B2A2-5AB3A309837E}.Release|Any CPU.Build.0 = Release|Any CPU
		{48BE23FF-EE7F-4FED-8ADF-C655215C22D7}.Debug|Any CPU.ActiveCfg = Debug|Any CPU
		{48BE23FF-EE7F-4FED-8ADF-C655215C22D7}.Debug|Any CPU.Build.0 = Debug|Any CPU
		{48BE23FF-EE7F-4FED-8ADF-C655215C22D7}.Release|Any CPU.ActiveCfg = Release|Any CPU
		{48BE23FF-EE7F-4FED-8ADF-C655215C22D7}.Release|Any CPU.Build.0 = Release|Any CPU
		{59D66336-A8CC-4A6F-92A5-8DA5D5F9F5FA}.Debug|Any CPU.ActiveCfg = Debug|Any CPU
		{59D66336-A8CC-4A6F-92A5-8DA5D5F9F5FA}.Debug|Any CPU.Build.0 = Debug|Any CPU
		{59D66336-A8CC-4A6F-92A5-8DA5D5F9F5FA}.Release|Any CPU.ActiveCfg = Release|Any CPU
		{59D66336-A8CC-4A6F-92A5-8DA5D5F9F5FA}.Release|Any CPU.Build.0 = Release|Any CPU
		{3F93317D-1724-43E9-9691-97758FB01D5B}.Debug|Any CPU.ActiveCfg = Debug|Any CPU
		{3F93317D-1724-43E9-9691-97758FB01D5B}.Debug|Any CPU.Build.0 = Debug|Any CPU
		{3F93317D-1724-43E9-9691-97758FB01D5B}.Release|Any CPU.ActiveCfg = Release|Any CPU
		{3F93317D-1724-43E9-9691-97758FB01D5B}.Release|Any CPU.Build.0 = Release|Any CPU
	EndGlobalSection
	GlobalSection(SolutionProperties) = preSolution
		HideSolutionNode = FALSE
	EndGlobalSection
	GlobalSection(ExtensibilityGlobals) = postSolution
		SolutionGuid = {247CEBB8-75E2-404B-8357-A17CF52202D6}
	EndGlobalSection
EndGlobal
